{
  "version": 4,
  "terraform_version": "1.14.5",
  "serial": 1,
  "lineage": "418bcb13-d32f-898d-b51c-32b3ff4290e8",
  "outputs": {
    "acr_admin_password": {
      "value": null,
      "type": "string",
      "sensitive": true
    },
    "acr_admin_username": {
      "value": null,
      "type": "string"
    },
    "acr_login_server": {
      "value": null,
      "type": "string"
    },
    "aks_kubeconfig": {
      "value": null,
      "type": "string",
      "sensitive": true
    }
  },
  "resources": [
    {
      "mode": "managed",
      "type": "azurerm_resource_group",
      "name": "aks_demo",
      "provider": "provider[\"registry.terraform.io/hashicorp/azurerm\"]",
      "instances": [
        {
          "schema_version": 0,
          "attributes": {
            "id": "/subscriptions/858e898e-e4a4-48c8-8544-6bdaadfb52ba/resourceGroups/aks-demo-rg",
            "location": "chinaeast2",
            "managed_by": "",
            "name": "aks-demo-rg",
            "tags": {},
            "timeouts": null
          },
          "sensitive_attributes": [],
          "identity_schema_version": 0,
          "identity": {
            "name": "aks-demo-rg",
            "subscription_id": "858e898e-e4a4-48c8-8544-6bdaadfb52ba"
          },
          "private": "eyJlMmJmYjczMC1lY2FhLTExZTYtOGY4OC0zNDM2M2JjN2M0YzAiOnsiY3JlYXRlIjo1NDAwMDAwMDAwMDAwLCJkZWxldGUiOjU0MDAwMDAwMDAwMDAsInJlYWQiOjMwMDAwMDAwMDAwMCwidXBkYXRlIjo1NDAwMDAwMDAwMDAwfSwic2NoZW1hX3ZlcnNpb24iOiIwIn0="
        }
      ]
    }
  ],
  "check_results": null
}
